
Microsoft Visual Studio Solution File, Format Version 12.00
# Visual Studio Version 16
VisualStudioVersion = 16.0.29806.167
MinimumVisualStudioVersion = 10.0.40219.1
Project("{9A19103F-16F7-4668-BE54-9A1E7A4F7556}") = "ColumnEncrypt.App", "ColumnEncryptApp\ColumnEncryptApp.csproj", "{0EF6CB01-02B4-4EEB-A189-3BF05AFA4300}"
EndProject
Project("{9A19103F-16F7-4668-BE54-9A1E7A4F7556}") = "ColumnEncrypt.Functions", "ColumnEncryptFunctions\ColumnEncryptFunctions.csproj", "{B29E108C-E6DE-4DAB-A1E7-5EF0669326F4}"
EndProject
Project("{2150E333-8FDC-42A3-9474-1A3956D46DE8}") = "Solution Items", "Solution Items", "{38F932B0-AF86-4643-B1F4-E9B6747E0932}"
	ProjectSection(SolutionItems) = preProject
		..\README.md = ..\README.md
	EndProjectSection
EndProject
Project("{9A19103F-16F7-4668-BE54-9A1E7A4F7556}") = "ColumnEncrypt", "ColumnEncrypt\ColumnEncrypt.csproj", "{AB7FE798-D17C-46E4-B818-2B031BE292D8}"
EndProject
Global
	GlobalSection(SolutionConfigurationPlatforms) = preSolution
		Debug|Any CPU = Debug|Any CPU
		Release|Any CPU = Release|Any CPU
	EndGlobalSection
	GlobalSection(ProjectConfigurationPlatforms) = postSolution
		{0EF6CB01-02B4-4EEB-A189-3BF05AFA4300}.Debug|Any CPU.ActiveCfg = Debug|Any CPU
		{0EF6CB01-02B4-4EEB-A189-3BF05AFA4300}.Debug|Any CPU.Build.0 = Debug|Any CPU
		{0EF6CB01-02B4-4EEB-A189-3BF05AFA4300}.Release|Any CPU.ActiveCfg = Release|Any CPU
		{0EF6CB01-02B4-4EEB-A189-3BF05AFA4300}.Release|Any CPU.Build.0 = Release|Any CPU
		{B29E108C-E6DE-4DAB-A1E7-5EF0669326F4}.Debug|Any CPU.ActiveCfg = Debug|Any CPU
		{B29E108C-E6DE-4DAB-A1E7-5EF0669326F4}.Debug|Any CPU.Build.0 = Debug|Any CPU
		{B29E108C-E6DE-4DAB-A1E7-5EF0669326F4}.Release|Any CPU.ActiveCfg = Release|Any CPU
		{B29E108C-E6DE-4DAB-A1E7-5EF0669326F4}.Release|Any CPU.Build.0 = Release|Any CPU
		{AB7FE798-D17C-46E4-B818-2B031BE292D8}.Debug|Any CPU.ActiveCfg = Debug|Any CPU
		{AB7FE798-D17C-46E4-B818-2B031BE292D8}.Debug|Any CPU.Build.0 = Debug|Any CPU
		{AB7FE798-D17C-46E4-B818-2B031BE292D8}.Release|Any CPU.ActiveCfg = Release|Any CPU
		{AB7FE798-D17C-46E4-B818-2B031BE292D8}.Release|Any CPU.Build.0 = Release|Any CPU
	EndGlobalSection
	GlobalSection(SolutionProperties) = preSolution
		HideSolutionNode = FALSE
	EndGlobalSection
	GlobalSection(ExtensibilityGlobals) = postSolution
		SolutionGuid = {43F9F103-4A5C-4678-80C5-52756A2D4F1F}
	EndGlobalSection
EndGlobal
