
Microsoft Visual Studio Solution File, Format Version 12.00
# Visual Studio Version 16
VisualStudioVersion = 16.0.29806.167
MinimumVisualStudioVersion = 10.0.40219.1
Project("{9A19103F-16F7-4668-BE54-9A1E7A4F7556}") = "Microsoft.ColumnEncryption", "Microsoft.ColumnEncryption\Microsoft.ColumnEncryption.csproj", "{4C41F8C1-0111-416F-A210-EB5BA50D2D7F}"
EndProject
Project("{9A19103F-16F7-4668-BE54-9A1E7A4F7556}") = "SQL.FLE.Demo.Crypto", "SQL.FLE.Demo.Crypto\SQL.FLE.Demo.Crypto.csproj", "{77679C38-CEEB-4584-82BC-7BA825FB96C9}"
EndProject
Project("{9A19103F-16F7-4668-BE54-9A1E7A4F7556}") = "ColumnEncryption.App", "ColumnEncryptionApp\ColumnEncryption.App.csproj", "{0EF6CB01-02B4-4EEB-A189-3BF05AFA4300}"
EndProject
Project("{9A19103F-16F7-4668-BE54-9A1E7A4F7556}") = "ColumnEncryption.Functions", "ColumnEncryptionFunctions\ColumnEncryption.Functions.csproj", "{B29E108C-E6DE-4DAB-A1E7-5EF0669326F4}"
	ProjectSection(ProjectDependencies) = postProject
		{4C41F8C1-0111-416F-A210-EB5BA50D2D7F} = {4C41F8C1-0111-416F-A210-EB5BA50D2D7F}
	EndProjectSection
EndProject
Project("{2150E333-8FDC-42A3-9474-1A3956D46DE8}") = "Solution Items", "Solution Items", "{38F932B0-AF86-4643-B1F4-E9B6747E0932}"
	ProjectSection(SolutionItems) = preProject
		..\README.md = ..\README.md
	EndProjectSection
EndProject
Global
	GlobalSection(SolutionConfigurationPlatforms) = preSolution
		Debug|Any CPU = Debug|Any CPU
		Release|Any CPU = Release|Any CPU
	EndGlobalSection
	GlobalSection(ProjectConfigurationPlatforms) = postSolution
		{4C41F8C1-0111-416F-A210-EB5BA50D2D7F}.Debug|Any CPU.ActiveCfg = Debug|Any CPU
		{4C41F8C1-0111-416F-A210-EB5BA50D2D7F}.Debug|Any CPU.Build.0 = Debug|Any CPU
		{4C41F8C1-0111-416F-A210-EB5BA50D2D7F}.Release|Any CPU.ActiveCfg = Release|Any CPU
		{4C41F8C1-0111-416F-A210-EB5BA50D2D7F}.Release|Any CPU.Build.0 = Release|Any CPU
		{77679C38-CEEB-4584-82BC-7BA825FB96C9}.Debug|Any CPU.ActiveCfg = Debug|Any CPU
		{77679C38-CEEB-4584-82BC-7BA825FB96C9}.Debug|Any CPU.Build.0 = Debug|Any CPU
		{77679C38-CEEB-4584-82BC-7BA825FB96C9}.Release|Any CPU.ActiveCfg = Release|Any CPU
		{77679C38-CEEB-4584-82BC-7BA825FB96C9}.Release|Any CPU.Build.0 = Release|Any CPU
		{0EF6CB01-02B4-4EEB-A189-3BF05AFA4300}.Debug|Any CPU.ActiveCfg = Debug|Any CPU
		{0EF6CB01-02B4-4EEB-A189-3BF05AFA4300}.Debug|Any CPU.Build.0 = Debug|Any CPU
		{0EF6CB01-02B4-4EEB-A189-3BF05AFA4300}.Release|Any CPU.ActiveCfg = Release|Any CPU
		{0EF6CB01-02B4-4EEB-A189-3BF05AFA4300}.Release|Any CPU.Build.0 = Release|Any CPU
		{B29E108C-E6DE-4DAB-A1E7-5EF0669326F4}.Debug|Any CPU.ActiveCfg = Debug|Any CPU
		{B29E108C-E6DE-4DAB-A1E7-5EF0669326F4}.Debug|Any CPU.Build.0 = Debug|Any CPU
		{B29E108C-E6DE-4DAB-A1E7-5EF0669326F4}.Release|Any CPU.ActiveCfg = Release|Any CPU
		{B29E108C-E6DE-4DAB-A1E7-5EF0669326F4}.Release|Any CPU.Build.0 = Release|Any CPU
	EndGlobalSection
	GlobalSection(SolutionProperties) = preSolution
		HideSolutionNode = FALSE
	EndGlobalSection
	GlobalSection(ExtensibilityGlobals) = postSolution
		SolutionGuid = {43F9F103-4A5C-4678-80C5-52756A2D4F1F}
	EndGlobalSection
EndGlobal
